<?xml version="1.0" encoding="utf-8"?>
<Project ToolsVersion="4.0" xmlns="http://schemas.microsoft.com/developer/msbuild/2003">
  <ItemGroup>
    <Filter Include="API FrameWork">
      <UniqueIdentifier>{fd1f8705-41e5-4eec-9173-4ae613734c4c}</UniqueIdentifier>
    </Filter>
    <Filter Include="MainGame">
      <UniqueIdentifier>{2d960861-93ce-4435-a619-cddb009d46d6}</UniqueIdentifier>
    </Filter>
    <Filter Include="API FrameWork\01. Stdafx">
      <UniqueIdentifier>{84564e55-9008-480a-9efc-e3cb10108352}</UniqueIdentifier>
    </Filter>
    <Filter Include="API FrameWork\02. Config">
      <UniqueIdentifier>{ea8818b9-e05d-4726-b9a2-7cdee1a10f77}</UniqueIdentifier>
    </Filter>
    <Filter Include="API FrameWork\03. DesignPattern">
      <UniqueIdentifier>{44b58eac-a6c6-47ca-a906-385f0ab5a09f}</UniqueIdentifier>
    </Filter>
    <Filter Include="API FrameWork\03. DesignPattern\Singleton">
      <UniqueIdentifier>{f41ccd50-f510-4e24-ae4b-2be03bc5b2f0}</UniqueIdentifier>
    </Filter>
    <Filter Include="API FrameWork\04. GameNode">
      <UniqueIdentifier>{283f3f27-2a49-4502-8633-97881cb7f779}</UniqueIdentifier>
    </Filter>
    <Filter Include="API FrameWork\05. Utillity">
      <UniqueIdentifier>{a2378cb6-df4d-45f3-aa66-c5b28d334200}</UniqueIdentifier>
    </Filter>
    <Filter Include="API FrameWork\06. Manager">
      <UniqueIdentifier>{a6342fab-2358-4f50-b9c3-2d82de621cf0}</UniqueIdentifier>
    </Filter>
    <Filter Include="API FrameWork\07. Camera">
      <UniqueIdentifier>{844f0a79-be8e-4655-b5ce-6791b472172e}</UniqueIdentifier>
    </Filter>
    <Filter Include="API FrameWork\08. Image">
      <UniqueIdentifier>{6745354d-98f6-4b27-9b21-b2fd11800d6a}</UniqueIdentifier>
    </Filter>
    <Filter Include="API FrameWork\10. Timer">
      <UniqueIdentifier>{1ab14265-be7d-4bfe-8268-5e6e9f96fef3}</UniqueIdentifier>
    </Filter>
    <Filter Include="API FrameWork\12. Collider">
      <UniqueIdentifier>{7423818a-c6a4-4d2f-980a-d7cbfdedf660}</UniqueIdentifier>
    </Filter>
    <Filter Include="API FrameWork\12. Collider\PixelCollider">
      <UniqueIdentifier>{41e39f3a-a2b5-4bae-b9eb-ed103a41e44a}</UniqueIdentifier>
    </Filter>
    <Filter Include="API FrameWork\13. Json">
      <UniqueIdentifier>{44fe4207-fedd-40e1-a5ed-c9c60c6cfc2d}</UniqueIdentifier>
    </Filter>
    <Filter Include="MainGame\02. Object">
      <UniqueIdentifier>{edff070e-76ee-4020-8943-96230d727fd5}</UniqueIdentifier>
    </Filter>
    <Filter Include="MainGame\01. Scene">
      <UniqueIdentifier>{52aca5fe-bae4-4b56-b875-34aecfec2038}</UniqueIdentifier>
    </Filter>
    <Filter Include="MainGame\01. Scene\MapTool">
      <UniqueIdentifier>{e0663c24-937b-4348-b263-d58789da2f6a}</UniqueIdentifier>
    </Filter>
    <Filter Include="MainGame\01. Scene\Start">
      <UniqueIdentifier>{cf471333-634a-4830-849e-a72c238ba66d}</UniqueIdentifier>
    </Filter>
    <Filter Include="MainGame\01. Scene\Test">
      <UniqueIdentifier>{8239d58c-9c48-4977-b305-898c7aae269f}</UniqueIdentifier>
    </Filter>
    <Filter Include="MainGame\01. Scene\MapTool\TileManager">
      <UniqueIdentifier>{4a2e862f-1d40-4c56-923d-3c24bbe9541a}</UniqueIdentifier>
    </Filter>
    <Filter Include="MainGame\01. Scene\Town">
      <UniqueIdentifier>{c13acad6-ea91-40bf-9763-fe4ab3061f57}</UniqueIdentifier>
    </Filter>
    <Filter Include="MainGame\02. Object\01. Unit">
      <UniqueIdentifier>{fcfb8975-00ba-40e0-846b-93b7d8b379e5}</UniqueIdentifier>
    </Filter>
    <Filter Include="MainGame\02. Object\01. Unit\Player">
      <UniqueIdentifier>{2e57d9be-c75f-4fca-8fa4-04fb92afcebe}</UniqueIdentifier>
    </Filter>
    <Filter Include="MainGame\02. Object\01. Unit\Enemy">
      <UniqueIdentifier>{2682263a-073d-4ed9-ad59-c202ad36ccd3}</UniqueIdentifier>
    </Filter>
    <Filter Include="MainGame\02. Object\01. Unit\Enemy\Boss">
      <UniqueIdentifier>{af0d09da-aa1d-4843-8593-d3c7455b302d}</UniqueIdentifier>
    </Filter>
    <Filter Include="MainGame\02. Object\01. Unit\Enemy\Boss\Belial">
      <UniqueIdentifier>{8ca91f78-9931-453e-923f-7f93015ed6cc}</UniqueIdentifier>
    </Filter>
    <Filter Include="MainGame\02. Object\01. Unit\Enemy\Boss\Niflheim">
      <UniqueIdentifier>{b094975f-a90d-425f-9352-aa45af8d1835}</UniqueIdentifier>
    </Filter>
    <Filter Include="MainGame\02. Object\01. Unit\Enemy\Monster">
      <UniqueIdentifier>{7e4b7fe6-9d92-41a6-a1c5-5530788b4d0d}</UniqueIdentifier>
    </Filter>
    <Filter Include="MainGame\02. Object\01. Unit\Enemy\Monster\SkelDog">
      <UniqueIdentifier>{bbf4c483-2573-46b3-a748-571616648327}</UniqueIdentifier>
    </Filter>
    <Filter Include="MainGame\02. Object\01. Unit\Enemy\Monster\LittleGhost">
      <UniqueIdentifier>{755de569-0a98-4610-9c9b-a021c8099349}</UniqueIdentifier>
    </Filter>
    <Filter Include="MainGame\02. Object\02. PrgressBar">
      <UniqueIdentifier>{30c21a14-4b8d-4223-b544-16664221318d}</UniqueIdentifier>
    </Filter>
    <Filter Include="MainGame\02. Object\03. Bullet">
      <UniqueIdentifier>{8389dcba-6434-4057-bfe8-2c3ff0b5f49d}</UniqueIdentifier>
    </Filter>
    <Filter Include="MainGame\02. Object\04. Effect">
      <UniqueIdentifier>{11bb3507-a854-4795-880f-a9e500bea6cc}</UniqueIdentifier>
    </Filter>
    <Filter Include="MainGame\02. Object\05. UI">
      <UniqueIdentifier>{949eb890-809b-4a7a-8b04-657e37ae81ba}</UniqueIdentifier>
    </Filter>
    <Filter Include="MainGame\02. Object\06. Item">
      <UniqueIdentifier>{a567b791-cce3-45b1-92ff-361e5d6a83ac}</UniqueIdentifier>
    </Filter>
    <Filter Include="MainGame\02. Object\06. Item\Sword">
      <UniqueIdentifier>{d8ced728-9dfc-413d-9352-ac1cbd783ae6}</UniqueIdentifier>
    </Filter>
    <Filter Include="MainGame\02. Object\05. UI\Button">
      <UniqueIdentifier>{dba12a34-0c63-4b70-a1e4-ab515715319c}</UniqueIdentifier>
    </Filter>
    <Filter Include="MainGame\02. Object\05. UI\Cursor">
      <UniqueIdentifier>{71a1ce05-ce4a-442e-8d57-e733010c391b}</UniqueIdentifier>
    </Filter>
    <Filter Include="MainGame\02. Object\05. UI\Font">
      <UniqueIdentifier>{b7248ecd-ddb0-4a6c-9535-c025e8f3be4c}</UniqueIdentifier>
    </Filter>
    <Filter Include="API FrameWork\14. Animation">
      <UniqueIdentifier>{ed41234d-b8d3-425f-ba25-474130a4bbb7}</UniqueIdentifier>
    </Filter>
    <Filter Include="API FrameWork\09. Sound">
      <UniqueIdentifier>{1ae1ac97-dbfe-4109-aafe-88839b2c178f}</UniqueIdentifier>
    </Filter>
    <Filter Include="MainGame\03. Inventory">
      <UniqueIdentifier>{c25b084b-9acb-4007-bedd-5d06fc723d1a}</UniqueIdentifier>
    </Filter>
    <Filter Include="MainGame\02. Object\07. Box">
      <UniqueIdentifier>{3878eea0-e6c6-4ad6-bc71-4ae046ba3d06}</UniqueIdentifier>
    </Filter>
  </ItemGroup>
  <ItemGroup>
    <ClCompile Include="Animation.cpp">
      <Filter>API FrameWork\14. Animation</Filter>
    </ClCompile>
    <ClCompile Include="FontManager.cpp">
      <Filter>API FrameWork\06. Manager</Filter>
    </ClCompile>
    <ClCompile Include="GameNode.cpp">
      <Filter>API FrameWork\04. GameNode</Filter>
    </ClCompile>
    <ClCompile Include="Image.cpp">
      <Filter>API FrameWork\08. Image</Filter>
    </ClCompile>
    <ClCompile Include="ImageManager.cpp">
      <Filter>API FrameWork\08. Image</Filter>
    </ClCompile>
    <ClCompile Include="JsonSaveLoader.cpp">
      <Filter>API FrameWork\13. Json</Filter>
    </ClCompile>
    <ClCompile Include="KeyManager.cpp">
      <Filter>API FrameWork\06. Manager</Filter>
    </ClCompile>
    <ClCompile Include="MainGame.cpp">
      <Filter>MainGame</Filter>
    </ClCompile>
    <ClCompile Include="Stdafx.cpp">
      <Filter>API FrameWork\01. Stdafx</Filter>
    </ClCompile>
    <ClCompile Include="TextDataManager.cpp">
      <Filter>API FrameWork\06. Manager</Filter>
    </ClCompile>
    <ClCompile Include="TimeManager.cpp">
      <Filter>API FrameWork\10. Timer</Filter>
    </ClCompile>
    <ClCompile Include="Timer.cpp">
      <Filter>API FrameWork\10. Timer</Filter>
    </ClCompile>
    <ClCompile Include="Utils.cpp">
      <Filter>API FrameWork\05. Utillity</Filter>
    </ClCompile>
    <ClCompile Include="WinMain.cpp">
      <Filter>API FrameWork</Filter>
    </ClCompile>
    <ClCompile Include="Object.cpp">
      <Filter>MainGame\02. Object</Filter>
    </ClCompile>
    <ClCompile Include="Unit.cpp">
      <Filter>MainGame\02. Object\01. Unit</Filter>
    </ClCompile>
    <ClCompile Include="Player.cpp">
      <Filter>MainGame\02. Object\01. Unit\Player</Filter>
    </ClCompile>
    <ClCompile Include="PixelCollider.cpp">
      <Filter>API FrameWork\12. Collider\PixelCollider</Filter>
    </ClCompile>
    <ClCompile Include="CameraManager.cpp">
      <Filter>API FrameWork\07. Camera</Filter>
    </ClCompile>
    <ClCompile Include="TileManager.cpp">
      <Filter>MainGame\01. Scene\MapTool\TileManager</Filter>
    </ClCompile>
    <ClCompile Include="ImageLoader.cpp">
      <Filter>API FrameWork\08. Image</Filter>
    </ClCompile>
    <ClCompile Include="MapToolScene.cpp">
      <Filter>MainGame\01. Scene\MapTool</Filter>
    </ClCompile>
    <ClCompile Include="StartScene.cpp">
      <Filter>MainGame\01. Scene\Start</Filter>
    </ClCompile>
    <ClCompile Include="SceneManager.cpp">
      <Filter>MainGame\01. Scene</Filter>
    </ClCompile>
    <ClCompile Include="TestScene.cpp">
      <Filter>MainGame\01. Scene\Test</Filter>
    </ClCompile>
    <ClCompile Include="FileManager.cpp">
      <Filter>API FrameWork\06. Manager</Filter>
    </ClCompile>
    <ClCompile Include="MessageBoxManager.cpp">
      <Filter>API FrameWork\06. Manager</Filter>
    </ClCompile>
    <ClCompile Include="CollisionManager.cpp">
      <Filter>API FrameWork\12. Collider</Filter>
    </ClCompile>
    <ClCompile Include="ObjectManager.cpp">
      <Filter>MainGame\02. Object</Filter>
    </ClCompile>
    <ClCompile Include="ImageGp.cpp">
      <Filter>API FrameWork\08. Image</Filter>
    </ClCompile>
    <ClCompile Include="ImageGpManager.cpp">
      <Filter>API FrameWork\08. Image</Filter>
    </ClCompile>
    <ClCompile Include="Item.cpp">
      <Filter>MainGame\02. Object\06. Item</Filter>
    </ClCompile>
    <ClCompile Include="Enemy.cpp">
      <Filter>MainGame\02. Object\01. Unit\Enemy</Filter>
    </ClCompile>
    <ClCompile Include="SkelDog.cpp">
      <Filter>MainGame\02. Object\01. Unit\Enemy\Monster\SkelDog</Filter>
    </ClCompile>
    <ClCompile Include="TownScene.cpp">
      <Filter>MainGame\01. Scene\Town</Filter>
    </ClCompile>
    <ClCompile Include="LittleGhost.cpp">
      <Filter>MainGame\02. Object\01. Unit\Enemy\Monster\LittleGhost</Filter>
    </ClCompile>
    <ClCompile Include="Effect.cpp">
      <Filter>MainGame\02. Object\04. Effect</Filter>
    </ClCompile>
    <ClCompile Include="Sword.cpp">
      <Filter>MainGame\02. Object\06. Item\Sword</Filter>
    </ClCompile>
    <ClCompile Include="EnemyHpBar.cpp">
      <Filter>MainGame\02. Object\02. PrgressBar</Filter>
    </ClCompile>
    <ClCompile Include="Belial.cpp">
      <Filter>MainGame\02. Object\01. Unit\Enemy\Boss\Belial</Filter>
    </ClCompile>
    <ClCompile Include="Bullet.cpp">
      <Filter>MainGame\02. Object\03. Bullet</Filter>
    </ClCompile>
    <ClCompile Include="BelialSword.cpp">
      <Filter>MainGame\02. Object\01. Unit\Enemy\Boss\Belial</Filter>
    </ClCompile>
    <ClCompile Include="Niflheim.cpp">
      <Filter>MainGame\02. Object\01. Unit\Enemy\Boss\Niflheim</Filter>
    </ClCompile>
    <ClCompile Include="NiflheimPillar.cpp">
      <Filter>MainGame\02. Object\01. Unit\Enemy\Boss\Niflheim</Filter>
    </ClCompile>
    <ClCompile Include="UI.cpp">
      <Filter>MainGame\02. Object\05. UI</Filter>
    </ClCompile>
    <ClCompile Include="Button.cpp">
      <Filter>MainGame\02. Object\05. UI\Button</Filter>
    </ClCompile>
    <ClCompile Include="Cursor.cpp">
      <Filter>MainGame\02. Object\05. UI\Cursor</Filter>
    </ClCompile>
    <ClCompile Include="ImageFont.cpp">
      <Filter>MainGame\02. Object\05. UI\Font</Filter>
    </ClCompile>
    <ClCompile Include="DynamicFont.cpp">
      <Filter>MainGame\02. Object\05. UI\Font</Filter>
    </ClCompile>
    <ClCompile Include="DropItem.cpp">
      <Filter>MainGame\02. Object\06. Item</Filter>
    </ClCompile>
    <ClCompile Include="SoundManager.cpp">
      <Filter>API FrameWork\09. Sound</Filter>
    </ClCompile>
    <ClCompile Include="Box.cpp">
      <Filter>MainGame\02. Object\07. Box</Filter>
    </ClCompile>
    <ClCompile Include="Inventory.cpp">
      <Filter>MainGame\03. Inventory</Filter>
    </ClCompile>
    <ClCompile Include="SoundLoader.cpp">
      <Filter>API FrameWork\09. Sound</Filter>
    </ClCompile>
  </ItemGroup>
  <ItemGroup>
    <ClInclude Include="Animation.h">
      <Filter>API FrameWork\14. Animation</Filter>
    </ClInclude>
    <ClInclude Include="FontManager.h">
      <Filter>API FrameWork\06. Manager</Filter>
    </ClInclude>
    <ClInclude Include="GameNode.h">
      <Filter>API FrameWork\04. GameNode</Filter>
    </ClInclude>
    <ClInclude Include="Image.h">
      <Filter>API FrameWork\08. Image</Filter>
    </ClInclude>
    <ClInclude Include="ImageManager.h">
      <Filter>API FrameWork\08. Image</Filter>
    </ClInclude>
    <ClInclude Include="JsonSaveLoader.h">
      <Filter>API FrameWork\13. Json</Filter>
    </ClInclude>
    <ClInclude Include="KeyManager.h">
      <Filter>API FrameWork\06. Manager</Filter>
    </ClInclude>
    <ClInclude Include="MainGame.h">
      <Filter>MainGame</Filter>
    </ClInclude>
    <ClInclude Include="RandomFuntion.h">
      <Filter>API FrameWork\05. Utillity</Filter>
    </ClInclude>
    <ClInclude Include="SingletonBase.h">
      <Filter>API FrameWork\03. DesignPattern\Singleton</Filter>
    </ClInclude>
    <ClInclude Include="Stdafx.h">
      <Filter>API FrameWork\01. Stdafx</Filter>
    </ClInclude>
    <ClInclude Include="TextDataManager.h">
      <Filter>API FrameWork\06. Manager</Filter>
    </ClInclude>
    <ClInclude Include="TimeManager.h">
      <Filter>API FrameWork\10. Timer</Filter>
    </ClInclude>
    <ClInclude Include="Timer.h">
      <Filter>API FrameWork\10. Timer</Filter>
    </ClInclude>
    <ClInclude Include="Utils.h">
      <Filter>API FrameWork\05. Utillity</Filter>
    </ClInclude>
    <ClInclude Include="Object.h">
      <Filter>MainGame\02. Object</Filter>
    </ClInclude>
    <ClInclude Include="Unit.h">
      <Filter>MainGame\02. Object\01. Unit</Filter>
    </ClInclude>
    <ClInclude Include="Player.h">
      <Filter>MainGame\02. Object\01. Unit\Player</Filter>
    </ClInclude>
    <ClInclude Include="PixelCollider.h">
      <Filter>API FrameWork\12. Collider\PixelCollider</Filter>
    </ClInclude>
    <ClInclude Include="CameraManager.h">
      <Filter>API FrameWork\07. Camera</Filter>
    </ClInclude>
    <ClInclude Include="TileManager.h">
      <Filter>MainGame\01. Scene\MapTool\TileManager</Filter>
    </ClInclude>
    <ClInclude Include="ImageLoader.h">
      <Filter>API FrameWork\08. Image</Filter>
    </ClInclude>
    <ClInclude Include="MapToolScene.h">
      <Filter>MainGame\01. Scene\MapTool</Filter>
    </ClInclude>
    <ClInclude Include="StartScene.h">
      <Filter>MainGame\01. Scene\Start</Filter>
    </ClInclude>
    <ClInclude Include="SceneManager.h">
      <Filter>MainGame\01. Scene</Filter>
    </ClInclude>
    <ClInclude Include="TestScene.h">
      <Filter>MainGame\01. Scene\Test</Filter>
    </ClInclude>
    <ClInclude Include="Enums.h">
      <Filter>API FrameWork\02. Config</Filter>
    </ClInclude>
    <ClInclude Include="FileManager.h">
      <Filter>API FrameWork\06. Manager</Filter>
    </ClInclude>
    <ClInclude Include="Config.h">
      <Filter>API FrameWork\02. Config</Filter>
    </ClInclude>
    <ClInclude Include="MessageBoxManager.h">
      <Filter>API FrameWork\06. Manager</Filter>
    </ClInclude>
    <ClInclude Include="CollisionManager.h">
      <Filter>API FrameWork\12. Collider</Filter>
    </ClInclude>
    <ClInclude Include="String.h">
      <Filter>API FrameWork\02. Config</Filter>
    </ClInclude>
    <ClInclude Include="Structs.h">
      <Filter>API FrameWork\02. Config</Filter>
    </ClInclude>
    <ClInclude Include="ObjectManager.h">
      <Filter>MainGame\02. Object</Filter>
    </ClInclude>
    <ClInclude Include="ImageGp.h">
      <Filter>API FrameWork\08. Image</Filter>
    </ClInclude>
    <ClInclude Include="ImageGpManager.h">
      <Filter>API FrameWork\08. Image</Filter>
    </ClInclude>
    <ClInclude Include="Define.h">
      <Filter>API FrameWork\02. Config</Filter>
    </ClInclude>
    <ClInclude Include="Item.h">
      <Filter>MainGame\02. Object\06. Item</Filter>
    </ClInclude>
    <ClInclude Include="Enemy.h">
      <Filter>MainGame\02. Object\01. Unit\Enemy</Filter>
    </ClInclude>
    <ClInclude Include="SkelDog.h">
      <Filter>MainGame\02. Object\01. Unit\Enemy\Monster\SkelDog</Filter>
    </ClInclude>
    <ClInclude Include="TownScene.h">
      <Filter>MainGame\01. Scene\Town</Filter>
    </ClInclude>
    <ClInclude Include="LittleGhost.h">
      <Filter>MainGame\02. Object\01. Unit\Enemy\Monster\LittleGhost</Filter>
    </ClInclude>
    <ClInclude Include="Effect.h">
      <Filter>MainGame\02. Object\04. Effect</Filter>
    </ClInclude>
    <ClInclude Include="Sword.h">
      <Filter>MainGame\02. Object\06. Item\Sword</Filter>
    </ClInclude>
    <ClInclude Include="EnemyHpBar.h">
      <Filter>MainGame\02. Object\02. PrgressBar</Filter>
    </ClInclude>
    <ClInclude Include="Belial.h">
      <Filter>MainGame\02. Object\01. Unit\Enemy\Boss\Belial</Filter>
    </ClInclude>
    <ClInclude Include="Bullet.h">
      <Filter>MainGame\02. Object\03. Bullet</Filter>
    </ClInclude>
    <ClInclude Include="BelialSword.h">
      <Filter>MainGame\02. Object\01. Unit\Enemy\Boss\Belial</Filter>
    </ClInclude>
    <ClInclude Include="Niflheim.h">
      <Filter>MainGame\02. Object\01. Unit\Enemy\Boss\Niflheim</Filter>
    </ClInclude>
    <ClInclude Include="NiflheimPillar.h">
      <Filter>MainGame\02. Object\01. Unit\Enemy\Boss\Niflheim</Filter>
    </ClInclude>
    <ClInclude Include="ImageBase.h">
      <Filter>API FrameWork\08. Image</Filter>
    </ClInclude>
    <ClInclude Include="UI.h">
      <Filter>MainGame\02. Object\05. UI</Filter>
    </ClInclude>
    <ClInclude Include="Button.h">
      <Filter>MainGame\02. Object\05. UI\Button</Filter>
    </ClInclude>
    <ClInclude Include="Cursor.h">
      <Filter>MainGame\02. Object\05. UI\Cursor</Filter>
    </ClInclude>
    <ClInclude Include="ImageFont.h">
      <Filter>MainGame\02. Object\05. UI\Font</Filter>
    </ClInclude>
    <ClInclude Include="DynamicFont.h">
      <Filter>MainGame\02. Object\05. UI\Font</Filter>
    </ClInclude>
    <ClInclude Include="DropItem.h">
      <Filter>MainGame\02. Object\06. Item</Filter>
    </ClInclude>
    <ClInclude Include="SoundManager.h">
      <Filter>API FrameWork\09. Sound</Filter>
    </ClInclude>
    <ClInclude Include="Box.h">
      <Filter>MainGame\02. Object\07. Box</Filter>
    </ClInclude>
    <ClInclude Include="Inventory.h">
      <Filter>MainGame\03. Inventory</Filter>
    </ClInclude>
    <ClInclude Include="SoundLoader.h">
      <Filter>API FrameWork\09. Sound</Filter>
    </ClInclude>
    <ClInclude Include="Extern.h">
      <Filter>API FrameWork\02. Config</Filter>
    </ClInclude>
  </ItemGroup>
</Project>